
Microsoft Visual Studio Solution File, Format Version 12.00
# Visual Studio 15
VisualStudioVersion = 15.0.28307.1433
MinimumVisualStudioVersion = 10.0.40219.1
Project("{FAE04EC0-301F-11D3-BF4B-00C04F79EFBC}") = "WebApplication2", "WebApplication2\WebApplication2.csproj", "{BED56C1D-8E25-4865-A424-33FC4433D525}"
EndProject
Global
	GlobalSection(SolutionConfigurationPlatforms) = preSolution
		Debug|Any CPU = Debug|Any CPU
		Release|Any CPU = Release|Any CPU
	EndGlobalSection
	GlobalSection(ProjectConfigurationPlatforms) = postSolution
		{BED56C1D-8E25-4865-A424-33FC4433D525}.Debug|Any CPU.ActiveCfg = Debug|Any CPU
		{BED56C1D-8E25-4865-A424-33FC4433D525}.Debug|Any CPU.Build.0 = Debug|Any CPU
		{BED56C1D-8E25-4865-A424-33FC4433D525}.Release|Any CPU.ActiveCfg = Release|Any CPU
		{BED56C1D-8E25-4865-A424-33FC4433D525}.Release|Any CPU.Build.0 = Release|Any CPU
	EndGlobalSection
	GlobalSection(SolutionProperties) = preSolution
		HideSolutionNode = FALSE
	EndGlobalSection
	GlobalSection(ExtensibilityGlobals) = postSolution
		SolutionGuid = {87E3C856-B92F-4E29-AF08-D0B8A395C3CF}
	EndGlobalSection
EndGlobal
